
Microsoft Visual Studio Solution File, Format Version 12.00
Project("{FAE04EC0-301F-11D3-BF4B-00C04F79EFBC}") = "Apbd_cw7", "Apbd_cw7\Apbd_cw7.csproj", "{EFFAED62-27DE-431E-A120-14A6C06F307C}"
EndProject
Global
	GlobalSection(SolutionConfigurationPlatforms) = preSolution
		Debug|Any CPU = Debug|Any CPU
		Release|Any CPU = Release|Any CPU
	EndGlobalSection
	GlobalSection(ProjectConfigurationPlatforms) = postSolution
		{EFFAED62-27DE-431E-A120-14A6C06F307C}.Debug|Any CPU.ActiveCfg = Debug|Any CPU
		{EFFAED62-27DE-431E-A120-14A6C06F307C}.Debug|Any CPU.Build.0 = Debug|Any CPU
		{EFFAED62-27DE-431E-A120-14A6C06F307C}.Release|Any CPU.ActiveCfg = Release|Any CPU
		{EFFAED62-27DE-431E-A120-14A6C06F307C}.Release|Any CPU.Build.0 = Release|Any CPU
	EndGlobalSection
EndGlobal
